
Microsoft Visual Studio Solution File, Format Version 12.00
# Visual Studio Version 16
VisualStudioVersion = 16.0.30523.141
MinimumVisualStudioVersion = 10.0.40219.1
Project("{9A19103F-16F7-4668-BE54-9A1E7A4F7556}") = "Scheduler1", "Scheduler1\Scheduler1.csproj", "{EF0224AE-EB1E-42A7-85BF-13C5EDC7C01A}"
EndProject
Project("{FAE04EC0-301F-11D3-BF4B-00C04F79EFBC}") = "TestEjercicio1", "TestEjercicio1\TestEjercicio1.csproj", "{876A0377-499E-4D3D-83C0-882F300CFB64}"
EndProject
Project("{FAE04EC0-301F-11D3-BF4B-00C04F79EFBC}") = "Scheduler.Test", "Scheduler.Test\Scheduler.Test.csproj", "{336438EF-8EA8-4F43-8E8C-4B2AB353C4BC}"
EndProject
Global
	GlobalSection(SolutionConfigurationPlatforms) = preSolution
		Debug|Any CPU = Debug|Any CPU
		Release|Any CPU = Release|Any CPU
	EndGlobalSection
	GlobalSection(ProjectConfigurationPlatforms) = postSolution
		{EF0224AE-EB1E-42A7-85BF-13C5EDC7C01A}.Debug|Any CPU.ActiveCfg = Debug|Any CPU
		{EF0224AE-EB1E-42A7-85BF-13C5EDC7C01A}.Debug|Any CPU.Build.0 = Debug|Any CPU
		{EF0224AE-EB1E-42A7-85BF-13C5EDC7C01A}.Release|Any CPU.ActiveCfg = Release|Any CPU
		{EF0224AE-EB1E-42A7-85BF-13C5EDC7C01A}.Release|Any CPU.Build.0 = Release|Any CPU
		{876A0377-499E-4D3D-83C0-882F300CFB64}.Debug|Any CPU.ActiveCfg = Debug|Any CPU
		{876A0377-499E-4D3D-83C0-882F300CFB64}.Debug|Any CPU.Build.0 = Debug|Any CPU
		{876A0377-499E-4D3D-83C0-882F300CFB64}.Release|Any CPU.ActiveCfg = Release|Any CPU
		{876A0377-499E-4D3D-83C0-882F300CFB64}.Release|Any CPU.Build.0 = Release|Any CPU
		{336438EF-8EA8-4F43-8E8C-4B2AB353C4BC}.Debug|Any CPU.ActiveCfg = Debug|Any CPU
		{336438EF-8EA8-4F43-8E8C-4B2AB353C4BC}.Debug|Any CPU.Build.0 = Debug|Any CPU
		{336438EF-8EA8-4F43-8E8C-4B2AB353C4BC}.Release|Any CPU.ActiveCfg = Release|Any CPU
		{336438EF-8EA8-4F43-8E8C-4B2AB353C4BC}.Release|Any CPU.Build.0 = Release|Any CPU
	EndGlobalSection
	GlobalSection(SolutionProperties) = preSolution
		HideSolutionNode = FALSE
	EndGlobalSection
	GlobalSection(ExtensibilityGlobals) = postSolution
		SolutionGuid = {9424EBA2-8C1F-42AB-BEC5-379A0481A1BE}
	EndGlobalSection
EndGlobal
